Microsoft Visual Studio Solution File, Format Version 12.00
Project("{FAE04EC0-301F-11D3-BF4B-00C04F79EFBC}") = "Pony_Island_Challenge_Run", "Pony_Island_Challenge_Run\Pony_Island_Challenge_Run.csproj", "{2E9BF4ED-F60A-4A2C-980E-FE6B4C2D18B0}"
EndProject
Project("{FAE04EC0-301F-11D3-BF4B-00C04F79EFBC}") = "Orpheon Bot", "Orpheon Bot\Orpheon Bot.csproj", "{79D63C53-E36C-486F-879B-407514583E87}"
EndProject
Global
	GlobalSection(SolutionConfigurationPlatforms) = preSolution
		Debug|Any CPU = Debug|Any CPU
		Release|Any CPU = Release|Any CPU
	EndGlobalSection
	GlobalSection(ProjectConfigurationPlatforms) = postSolution
		{2E9BF4ED-F60A-4A2C-980E-FE6B4C2D18B0}.Debug|Any CPU.ActiveCfg = Debug|Any CPU
		{2E9BF4ED-F60A-4A2C-980E-FE6B4C2D18B0}.Debug|Any CPU.Build.0 = Debug|Any CPU
		{2E9BF4ED-F60A-4A2C-980E-FE6B4C2D18B0}.Release|Any CPU.ActiveCfg = Release|Any CPU
		{2E9BF4ED-F60A-4A2C-980E-FE6B4C2D18B0}.Release|Any CPU.Build.0 = Release|Any CPU
		{79D63C53-E36C-486F-879B-407514583E87}.Debug|Any CPU.ActiveCfg = Debug|Any CPU
		{79D63C53-E36C-486F-879B-407514583E87}.Debug|Any CPU.Build.0 = Debug|Any CPU
		{79D63C53-E36C-486F-879B-407514583E87}.Release|Any CPU.ActiveCfg = Release|Any CPU
		{79D63C53-E36C-486F-879B-407514583E87}.Release|Any CPU.Build.0 = Release|Any CPU
	EndGlobalSection
EndGlobal
